
Microsoft Visual Studio Solution File, Format Version 12.00
# Visual Studio 15
VisualStudioVersion = 15.0.27004.2002
MinimumVisualStudioVersion = 10.0.40219.1
Project("{FAE04EC0-301F-11D3-BF4B-00C04F79EFBC}") = "Manisero.YouShallNotPass", "Manisero.YouShallNotPass\Manisero.YouShallNotPass.csproj", "{65A5D4A6-0993-4207-98E8-D7A35FC05264}"
EndProject
Global
	GlobalSection(SolutionConfigurationPlatforms) = preSolution
		Debug|Any CPU = Debug|Any CPU
		Release|Any CPU = Release|Any CPU
	EndGlobalSection
	GlobalSection(ProjectConfigurationPlatforms) = postSolution
		{65A5D4A6-0993-4207-98E8-D7A35FC05264}.Debug|Any CPU.ActiveCfg = Debug|Any CPU
		{65A5D4A6-0993-4207-98E8-D7A35FC05264}.Debug|Any CPU.Build.0 = Debug|Any CPU
		{65A5D4A6-0993-4207-98E8-D7A35FC05264}.Release|Any CPU.ActiveCfg = Release|Any CPU
		{65A5D4A6-0993-4207-98E8-D7A35FC05264}.Release|Any CPU.Build.0 = Release|Any CPU
	EndGlobalSection
	GlobalSection(SolutionProperties) = preSolution
		HideSolutionNode = FALSE
	EndGlobalSection
	GlobalSection(ExtensibilityGlobals) = postSolution
		SolutionGuid = {636D1E2B-99AC-4E41-AFA8-1FEC84D46A0B}
	EndGlobalSection
EndGlobal
